
Microsoft Visual Studio Solution File, Format Version 12.00
# Visual Studio 15
VisualStudioVersion = 15.0.26206.0
MinimumVisualStudioVersion = 10.0.40219.1
Project("{FAE04EC0-301F-11D3-BF4B-00C04F79EFBC}") = "ContentEngine", "ContentEngine\ContentEngine.csproj", "{F96C3B25-49A0-4B2F-8466-ED060FAFA811}"
EndProject
Project("{FAE04EC0-301F-11D3-BF4B-00C04F79EFBC}") = "ContentEngine.Persistence", "Persistence\ContentEngine.Persistence.csproj", "{08F5CB40-21CC-41BE-9F0C-A488CDDFB70F}"
EndProject
Project("{FAE04EC0-301F-11D3-BF4B-00C04F79EFBC}") = "ContentEngine.Persistence.AzureTable", "Persistence.AzureTable\ContentEngine.Persistence.AzureTable.csproj", "{6F8E58FD-454E-4F33-8A79-EB0821AA7F20}"
EndProject
Global
	GlobalSection(SolutionConfigurationPlatforms) = preSolution
		Debug|Any CPU = Debug|Any CPU
		Debug|x64 = Debug|x64
		Debug|x86 = Debug|x86
		Release|Any CPU = Release|Any CPU
		Release|x64 = Release|x64
		Release|x86 = Release|x86
	EndGlobalSection
	GlobalSection(ProjectConfigurationPlatforms) = postSolution
		{F96C3B25-49A0-4B2F-8466-ED060FAFA811}.Debug|Any CPU.ActiveCfg = Debug|Any CPU
		{F96C3B25-49A0-4B2F-8466-ED060FAFA811}.Debug|Any CPU.Build.0 = Debug|Any CPU
		{F96C3B25-49A0-4B2F-8466-ED060FAFA811}.Debug|x64.ActiveCfg = Debug|x64
		{F96C3B25-49A0-4B2F-8466-ED060FAFA811}.Debug|x64.Build.0 = Debug|x64
		{F96C3B25-49A0-4B2F-8466-ED060FAFA811}.Debug|x86.ActiveCfg = Debug|x86
		{F96C3B25-49A0-4B2F-8466-ED060FAFA811}.Debug|x86.Build.0 = Debug|x86
		{F96C3B25-49A0-4B2F-8466-ED060FAFA811}.Release|Any CPU.ActiveCfg = Release|Any CPU
		{F96C3B25-49A0-4B2F-8466-ED060FAFA811}.Release|Any CPU.Build.0 = Release|Any CPU
		{F96C3B25-49A0-4B2F-8466-ED060FAFA811}.Release|x64.ActiveCfg = Release|x64
		{F96C3B25-49A0-4B2F-8466-ED060FAFA811}.Release|x64.Build.0 = Release|x64
		{F96C3B25-49A0-4B2F-8466-ED060FAFA811}.Release|x86.ActiveCfg = Release|x86
		{F96C3B25-49A0-4B2F-8466-ED060FAFA811}.Release|x86.Build.0 = Release|x86
		{08F5CB40-21CC-41BE-9F0C-A488CDDFB70F}.Debug|Any CPU.ActiveCfg = Debug|Any CPU
		{08F5CB40-21CC-41BE-9F0C-A488CDDFB70F}.Debug|Any CPU.Build.0 = Debug|Any CPU
		{08F5CB40-21CC-41BE-9F0C-A488CDDFB70F}.Debug|x64.ActiveCfg = Debug|x64
		{08F5CB40-21CC-41BE-9F0C-A488CDDFB70F}.Debug|x64.Build.0 = Debug|x64
		{08F5CB40-21CC-41BE-9F0C-A488CDDFB70F}.Debug|x86.ActiveCfg = Debug|x86
		{08F5CB40-21CC-41BE-9F0C-A488CDDFB70F}.Debug|x86.Build.0 = Debug|x86
		{08F5CB40-21CC-41BE-9F0C-A488CDDFB70F}.Release|Any CPU.ActiveCfg = Release|Any CPU
		{08F5CB40-21CC-41BE-9F0C-A488CDDFB70F}.Release|Any CPU.Build.0 = Release|Any CPU
		{08F5CB40-21CC-41BE-9F0C-A488CDDFB70F}.Release|x64.ActiveCfg = Release|x64
		{08F5CB40-21CC-41BE-9F0C-A488CDDFB70F}.Release|x64.Build.0 = Release|x64
		{08F5CB40-21CC-41BE-9F0C-A488CDDFB70F}.Release|x86.ActiveCfg = Release|x86
		{08F5CB40-21CC-41BE-9F0C-A488CDDFB70F}.Release|x86.Build.0 = Release|x86
		{6F8E58FD-454E-4F33-8A79-EB0821AA7F20}.Debug|Any CPU.ActiveCfg = Debug|Any CPU
		{6F8E58FD-454E-4F33-8A79-EB0821AA7F20}.Debug|Any CPU.Build.0 = Debug|Any CPU
		{6F8E58FD-454E-4F33-8A79-EB0821AA7F20}.Debug|x64.ActiveCfg = Debug|x64
		{6F8E58FD-454E-4F33-8A79-EB0821AA7F20}.Debug|x64.Build.0 = Debug|x64
		{6F8E58FD-454E-4F33-8A79-EB0821AA7F20}.Debug|x86.ActiveCfg = Debug|x86
		{6F8E58FD-454E-4F33-8A79-EB0821AA7F20}.Debug|x86.Build.0 = Debug|x86
		{6F8E58FD-454E-4F33-8A79-EB0821AA7F20}.Release|Any CPU.ActiveCfg = Release|Any CPU
		{6F8E58FD-454E-4F33-8A79-EB0821AA7F20}.Release|Any CPU.Build.0 = Release|Any CPU
		{6F8E58FD-454E-4F33-8A79-EB0821AA7F20}.Release|x64.ActiveCfg = Release|x64
		{6F8E58FD-454E-4F33-8A79-EB0821AA7F20}.Release|x64.Build.0 = Release|x64
		{6F8E58FD-454E-4F33-8A79-EB0821AA7F20}.Release|x86.ActiveCfg = Release|x86
		{6F8E58FD-454E-4F33-8A79-EB0821AA7F20}.Release|x86.Build.0 = Release|x86
	EndGlobalSection
	GlobalSection(SolutionProperties) = preSolution
		HideSolutionNode = FALSE
	EndGlobalSection
EndGlobal
